
Microsoft Visual Studio Solution File, Format Version 12.00
# Visual Studio Version 17
VisualStudioVersion = 17.6.33829.357
MinimumVisualStudioVersion = 10.0.40219.1
Project("{E3A6BD81-4874-4DE2-BD40-090D796C54F1}") = "ViewportReplicator.App", "ViewportReplicator.App\ViewportReplicator.App.csproj", "{E3A6BD81-4874-4DE2-BD40-090D796C54F1}"
EndProject
Global
	GlobalSection(SolutionConfigurationPlatforms) = preSolution
		Debug|Any CPU = Debug|Any CPU
		Release|Any CPU = Release|Any CPU
	EndGlobalSection
	GlobalSection(ProjectConfigurationPlatforms) = postSolution
		{E3A6BD81-4874-4DE2-BD40-090D796C54F1}.Debug|Any CPU.ActiveCfg = Debug|Any CPU
		{E3A6BD81-4874-4DE2-BD40-090D796C54F1}.Debug|Any CPU.Build.0 = Debug|Any CPU
		{E3A6BD81-4874-4DE2-BD40-090D796C54F1}.Release|Any CPU.ActiveCfg = Release|Any CPU
		{E3A6BD81-4874-4DE2-BD40-090D796C54F1}.Release|Any CPU.Build.0 = Release|Any CPU
	EndGlobalSection
	GlobalSection(SolutionProperties) = preSolution
		HideSolutionNode = FALSE
	EndGlobalSection
	GlobalSection(ExtensibilityGlobals) = postSolution
		SolutionGuid = {227580A7-5F8C-4516-912B-89CE374BAF1A}
	EndGlobalSection
EndGlobal
